
Microsoft Visual Studio Solution File, Format Version 12.00
# Visual Studio Version 17
VisualStudioVersion = 17.10.34607.79
MinimumVisualStudioVersion = 10.0.40219.1
Project("{FAE04EC0-301F-11D3-BF4B-00C04F79EFBC}") = "奶茶店", "奶茶店\奶茶店.csproj", "{DACAA5D0-DA45-4386-A563-450B6810B79B}"
EndProject
Global
	GlobalSection(SolutionConfigurationPlatforms) = preSolution
		Debug|Any CPU = Debug|Any CPU
		Release|Any CPU = Release|Any CPU
	EndGlobalSection
	GlobalSection(ProjectConfigurationPlatforms) = postSolution
		{DACAA5D0-DA45-4386-A563-450B6810B79B}.Debug|Any CPU.ActiveCfg = Debug|Any CPU
		{DACAA5D0-DA45-4386-A563-450B6810B79B}.Debug|Any CPU.Build.0 = Debug|Any CPU
		{DACAA5D0-DA45-4386-A563-450B6810B79B}.Release|Any CPU.ActiveCfg = Release|Any CPU
		{DACAA5D0-DA45-4386-A563-450B6810B79B}.Release|Any CPU.Build.0 = Release|Any CPU
	EndGlobalSection
	GlobalSection(SolutionProperties) = preSolution
		HideSolutionNode = FALSE
	EndGlobalSection
	GlobalSection(ExtensibilityGlobals) = postSolution
		SolutionGuid = {15E645E4-B535-4446-B9AA-BA831729E1C1}
	EndGlobalSection
EndGlobal
