
Microsoft Visual Studio Solution File, Format Version 12.00
# Visual Studio Version 17
VisualStudioVersion = 17.8.34330.188
MinimumVisualStudioVersion = 10.0.40219.1
Project("{FAE04EC0-301F-11D3-BF4B-00C04F79EFBC}") = "输入与输出练习", "输入与输出练习\输入与输出练习.csproj", "{0AD5E2D3-6C56-42D3-8BEE-5C51BB7C03AE}"
EndProject
Global
	GlobalSection(SolutionConfigurationPlatforms) = preSolution
		Debug|Any CPU = Debug|Any CPU
		Release|Any CPU = Release|Any CPU
	EndGlobalSection
	GlobalSection(ProjectConfigurationPlatforms) = postSolution
		{0AD5E2D3-6C56-42D3-8BEE-5C51BB7C03AE}.Debug|Any CPU.ActiveCfg = Debug|Any CPU
		{0AD5E2D3-6C56-42D3-8BEE-5C51BB7C03AE}.Debug|Any CPU.Build.0 = Debug|Any CPU
		{0AD5E2D3-6C56-42D3-8BEE-5C51BB7C03AE}.Release|Any CPU.ActiveCfg = Release|Any CPU
		{0AD5E2D3-6C56-42D3-8BEE-5C51BB7C03AE}.Release|Any CPU.Build.0 = Release|Any CPU
	EndGlobalSection
	GlobalSection(SolutionProperties) = preSolution
		HideSolutionNode = FALSE
	EndGlobalSection
	GlobalSection(ExtensibilityGlobals) = postSolution
		SolutionGuid = {EE75F7DD-58F6-4109-8007-947A7BA41A4F}
	EndGlobalSection
EndGlobal
